
Microsoft Visual Studio Solution File, Format Version 12.00
Project("{2150E333-8FDC-42A3-9474-1A3956D46DE8}") = "src", "src", "{6C9A1894-7154-48C2-B4AD-9DC70C598317}"
EndProject
Project("{FAE04EC0-301F-11D3-BF4B-00C04F79EFBC}") = "Goodpets.API", "Goodpets.API\Goodpets.API.csproj", "{0EF4A382-EB90-4B58-B300-3334AEE5494F}"
EndProject
Project("{2150E333-8FDC-42A3-9474-1A3956D46DE8}") = "tests", "tests", "{8B9013D1-8020-49E8-82C0-9252B4D0A2E8}"
EndProject
Project("{2150E333-8FDC-42A3-9474-1A3956D46DE8}") = "shared", "shared", "{2C0F12CE-072B-4AE1-A492-2432CE16DC63}"
EndProject
Project("{FAE04EC0-301F-11D3-BF4B-00C04F79EFBC}") = "Goodpets.Shared", "Goodpets.Shared\Goodpets.Shared.csproj", "{4FE62F93-B1D7-42D5-8930-C3E013145FA9}"
EndProject
Project("{FAE04EC0-301F-11D3-BF4B-00C04F79EFBC}") = "Goodpets.Domain", "Goodpets.Domain\Goodpets.Domain.csproj", "{CF21178B-963C-4199-B626-083DD49D8C7F}"
EndProject
Project("{FAE04EC0-301F-11D3-BF4B-00C04F79EFBC}") = "Goodpets.Infrastructure", "Goodpets.Infrastructure\Goodpets.Infrastructure.csproj", "{25E01203-6289-4B0A-8E63-F4F38B342B8E}"
EndProject
Project("{FAE04EC0-301F-11D3-BF4B-00C04F79EFBC}") = "Goodpets.Application", "Goodpets.Application\Goodpets.Application.csproj", "{19CBC215-B1D6-47CF-99D2-41BE75126C31}"
EndProject
Project("{FAE04EC0-301F-11D3-BF4B-00C04F79EFBC}") = "Goodpets.Tests", "Goodpets.Tests\Goodpets.Tests.csproj", "{56665D1B-AB54-4036-9E37-9DB865CB2503}"
EndProject
Global
	GlobalSection(SolutionConfigurationPlatforms) = preSolution
		Debug|Any CPU = Debug|Any CPU
		Release|Any CPU = Release|Any CPU
	EndGlobalSection
	GlobalSection(NestedProjects) = preSolution
		{0EF4A382-EB90-4B58-B300-3334AEE5494F} = {6C9A1894-7154-48C2-B4AD-9DC70C598317}
		{8B9013D1-8020-49E8-82C0-9252B4D0A2E8} = {6C9A1894-7154-48C2-B4AD-9DC70C598317}
		{2C0F12CE-072B-4AE1-A492-2432CE16DC63} = {6C9A1894-7154-48C2-B4AD-9DC70C598317}
		{4FE62F93-B1D7-42D5-8930-C3E013145FA9} = {2C0F12CE-072B-4AE1-A492-2432CE16DC63}
		{CF21178B-963C-4199-B626-083DD49D8C7F} = {6C9A1894-7154-48C2-B4AD-9DC70C598317}
		{25E01203-6289-4B0A-8E63-F4F38B342B8E} = {6C9A1894-7154-48C2-B4AD-9DC70C598317}
		{19CBC215-B1D6-47CF-99D2-41BE75126C31} = {6C9A1894-7154-48C2-B4AD-9DC70C598317}
		{56665D1B-AB54-4036-9E37-9DB865CB2503} = {8B9013D1-8020-49E8-82C0-9252B4D0A2E8}
	EndGlobalSection
	GlobalSection(ProjectConfigurationPlatforms) = postSolution
		{0EF4A382-EB90-4B58-B300-3334AEE5494F}.Debug|Any CPU.ActiveCfg = Debug|Any CPU
		{0EF4A382-EB90-4B58-B300-3334AEE5494F}.Debug|Any CPU.Build.0 = Debug|Any CPU
		{0EF4A382-EB90-4B58-B300-3334AEE5494F}.Release|Any CPU.ActiveCfg = Release|Any CPU
		{0EF4A382-EB90-4B58-B300-3334AEE5494F}.Release|Any CPU.Build.0 = Release|Any CPU
		{4FE62F93-B1D7-42D5-8930-C3E013145FA9}.Debug|Any CPU.ActiveCfg = Debug|Any CPU
		{4FE62F93-B1D7-42D5-8930-C3E013145FA9}.Debug|Any CPU.Build.0 = Debug|Any CPU
		{4FE62F93-B1D7-42D5-8930-C3E013145FA9}.Release|Any CPU.ActiveCfg = Release|Any CPU
		{4FE62F93-B1D7-42D5-8930-C3E013145FA9}.Release|Any CPU.Build.0 = Release|Any CPU
		{CF21178B-963C-4199-B626-083DD49D8C7F}.Debug|Any CPU.ActiveCfg = Debug|Any CPU
		{CF21178B-963C-4199-B626-083DD49D8C7F}.Debug|Any CPU.Build.0 = Debug|Any CPU
		{CF21178B-963C-4199-B626-083DD49D8C7F}.Release|Any CPU.ActiveCfg = Release|Any CPU
		{CF21178B-963C-4199-B626-083DD49D8C7F}.Release|Any CPU.Build.0 = Release|Any CPU
		{25E01203-6289-4B0A-8E63-F4F38B342B8E}.Debug|Any CPU.ActiveCfg = Debug|Any CPU
		{25E01203-6289-4B0A-8E63-F4F38B342B8E}.Debug|Any CPU.Build.0 = Debug|Any CPU
		{25E01203-6289-4B0A-8E63-F4F38B342B8E}.Release|Any CPU.ActiveCfg = Release|Any CPU
		{25E01203-6289-4B0A-8E63-F4F38B342B8E}.Release|Any CPU.Build.0 = Release|Any CPU
		{19CBC215-B1D6-47CF-99D2-41BE75126C31}.Debug|Any CPU.ActiveCfg = Debug|Any CPU
		{19CBC215-B1D6-47CF-99D2-41BE75126C31}.Debug|Any CPU.Build.0 = Debug|Any CPU
		{19CBC215-B1D6-47CF-99D2-41BE75126C31}.Release|Any CPU.ActiveCfg = Release|Any CPU
		{19CBC215-B1D6-47CF-99D2-41BE75126C31}.Release|Any CPU.Build.0 = Release|Any CPU
		{56665D1B-AB54-4036-9E37-9DB865CB2503}.Debug|Any CPU.ActiveCfg = Debug|Any CPU
		{56665D1B-AB54-4036-9E37-9DB865CB2503}.Debug|Any CPU.Build.0 = Debug|Any CPU
		{56665D1B-AB54-4036-9E37-9DB865CB2503}.Release|Any CPU.ActiveCfg = Release|Any CPU
		{56665D1B-AB54-4036-9E37-9DB865CB2503}.Release|Any CPU.Build.0 = Release|Any CPU
	EndGlobalSection
EndGlobal
